
Microsoft Visual Studio Solution File, Format Version 12.00
# Visual Studio Version 17
VisualStudioVersion = 17.4.33213.308
MinimumVisualStudioVersion = 10.0.40219.1
Project("{FAE04EC0-301F-11D3-BF4B-00C04F79EFBC}") = "WielowatkoweUwalanieAK2", "WielowatkoweUwalanieAK2\WielowatkoweUwalanieAK2.csproj", "{D708257F-8A2C-4C96-8F31-425DD7F1FE79}"
EndProject
Global
	GlobalSection(SolutionConfigurationPlatforms) = preSolution
		Debug|Any CPU = Debug|Any CPU
		Release|Any CPU = Release|Any CPU
	EndGlobalSection
	GlobalSection(ProjectConfigurationPlatforms) = postSolution
		{D708257F-8A2C-4C96-8F31-425DD7F1FE79}.Debug|Any CPU.ActiveCfg = Debug|Any CPU
		{D708257F-8A2C-4C96-8F31-425DD7F1FE79}.Debug|Any CPU.Build.0 = Debug|Any CPU
		{D708257F-8A2C-4C96-8F31-425DD7F1FE79}.Release|Any CPU.ActiveCfg = Release|Any CPU
		{D708257F-8A2C-4C96-8F31-425DD7F1FE79}.Release|Any CPU.Build.0 = Release|Any CPU
	EndGlobalSection
	GlobalSection(SolutionProperties) = preSolution
		HideSolutionNode = FALSE
	EndGlobalSection
	GlobalSection(ExtensibilityGlobals) = postSolution
		SolutionGuid = {1E41F891-D91B-43DF-9158-860E0318471D}
	EndGlobalSection
EndGlobal
